// !$*UTF8*$!
{
	archiveVersion = 1;
	classes = {
	};
	objectVersion = 46;
	objects = {

/* Begin PBXBuildFile section */
		67B3FC4C1A845BA800260A5A /* AppDelegate.swift in Sources */ = {isa = PBXBuildFile; fileRef = 67B3FC4B1A845BA800260A5A /* AppDelegate.swift */; };
		67B3FC4E1A845BA800260A5A /* GameScene.sks in Resources */ = {isa = PBXBuildFile; fileRef = 67B3FC4D1A845BA800260A5A /* GameScene.sks */; };
		67B3FC501A845BA800260A5A /* GameScene.swift in Sources */ = {isa = PBXBuildFile; fileRef = 67B3FC4F1A845BA800260A5A /* GameScene.swift */; };
		67B3FC521A845BA800260A5A /* GameViewController.swift in Sources */ = {isa = PBXBuildFile; fileRef = 67B3FC511A845BA800260A5A /* GameViewController.swift */; };
		67B3FC551A845BA800260A5A /* Main.storyboard in Resources */ = {isa = PBXBuildFile; fileRef = 67B3FC531A845BA800260A5A /* Main.storyboard */; };
		67B3FC571A845BA800260A5A /* Images.xcassets in Resources */ = {isa = PBXBuildFile; fileRef = 67B3FC561A845BA800260A5A /* Images.xcassets */; };
		67B3FC5A1A845BA800260A5A /* LaunchScreen.xib in Resources */ = {isa = PBXBuildFile; fileRef = 67B3FC581A845BA800260A5A /* LaunchScreen.xib */; };
		67B3FC661A845BA800260A5A /* iPong_TWOTests.swift in Sources */ = {isa = PBXBuildFile; fileRef = 67B3FC651A845BA800260A5A /* iPong_TWOTests.swift */; };
/* End PBXBuildFile section */

/* Begin PBXContainerItemProxy section */
		67B3FC601A845BA800260A5A /* PBXContainerItemProxy */ = {
			isa = PBXContainerItemProxy;
			containerPortal = 67B3FC3E1A845BA800260A5A /* Project object */;
			proxyType = 1;
			remoteGlobalIDString = 67B3FC451A845BA800260A5A;
			remoteInfo = "iPong-TWO";
		};
/* End PBXContainerItemProxy section */

/* Begin PBXFileReference section */
		67B3FC461A845BA800260A5A /* iPong-TWO.app */ = {isa = PBXFileReference; explicitFileType = wrapper.application; includeInIndex = 0; path = "iPong-TWO.app"; sourceTree = BUILT_PRODUCTS_DIR; };
		67B3FC4A1A845BA800260A5A /* Info.plist */ = {isa = PBXFileReference; lastKnownFileType = text.plist.xml; path = Info.plist; sourceTree = "<group>"; };
		67B3FC4B1A845BA800260A5A /* AppDelegate.swift */ = {isa = PBXFileReference; lastKnownFileType = sourcecode.swift; path = AppDelegate.swift; sourceTree = "<group>"; };
		67B3FC4D1A845BA800260A5A /* GameScene.sks */ = {isa = PBXFileReference; lastKnownFileType = file.sks; path = GameScene.sks; sourceTree = "<group>"; };
		67B3FC4F1A845BA800260A5A /* GameScene.swift */ = {isa = PBXFileReference; lastKnownFileType = sourcecode.swift; path = GameScene.swift; sourceTree = "<group>"; };
		67B3FC511A845BA800260A5A /* GameViewController.swift */ = {isa = PBXFileReference; lastKnownFileType = sourcecode.swift; path = GameViewController.swift; sourceTree = "<group>"; };
		67B3FC541A845BA800260A5A /* Base */ = {isa = PBXFileReference; lastKnownFileType = file.storyboard; name = Base; path = Base.lproj/Main.storyboard; sourceTree = "<group>"; };
		67B3FC561A845BA800260A5A /* Images.xcassets */ = {isa = PBXFileReference; lastKnownFileType = folder.assetcatalog; path = Images.xcassets; sourceTree = "<group>"; };
		67B3FC591A845BA800260A5A /* Base */ = {isa = PBXFileReference; lastKnownFileType = file.xib; name = Base; path = Base.lproj/LaunchScreen.xib; sourceTree = "<group>"; };
		67B3FC5F1A845BA800260A5A /* iPong-TWOTests.xctest */ = {isa = PBXFileReference; explicitFileType = wrapper.cfbundle; includeInIndex = 0; path = "iPong-TWOTests.xctest"; sourceTree = BUILT_PRODUCTS_DIR; };
		67B3FC641A845BA800260A5A /* Info.plist */ = {isa = PBXFileReference; lastKnownFileType = text.plist.xml; path = Info.plist; sourceTree = "<group>"; };
		67B3FC651A845BA800260A5A /* iPong_TWOTests.swift */ = {isa = PBXFileReference; lastKnownFileType = sourcecode.swift; path = iPong_TWOTests.swift; sourceTree = "<group>"; };
/* End PBXFileReference section */

/* Begin PBXFrameworksBuildPhase section */
		67B3FC431A845BA800260A5A /* Frameworks */ = {
			isa = PBXFrameworksBuildPhase;
			buildActionMask = 2147483647;
			files = (
			);
			runOnlyForDeploymentPostprocessing = 0;
		};
		67B3FC5C1A845BA800260A5A /* Frameworks */ = {
			isa = PBXFrameworksBuildPhase;
			buildActionMask = 2147483647;
			files = (
			);
			runOnlyForDeploymentPostprocessing = 0;
		};
/* End PBXFrameworksBuildPhase section */

/* Begin PBXGroup section */
		67B3FC3D1A845BA800260A5A = {
			isa = PBXGroup;
			children = (
				67B3FC481A845BA800260A5A /* iPong-TWO */,
				67B3FC621A845BA800260A5A /* iPong-TWOTests */,
				67B3FC471A845BA800260A5A /* Products */,
			);
			sourceTree = "<group>";
		};
		67B3FC471A845BA800260A5A /* Products */ = {
			isa = PBXGroup;
			children = (
				67B3FC461A845BA800260A5A /* iPong-TWO.app */,
				67B3FC5F1A845BA800260A5A /* iPong-TWOTests.xctest */,
			);
			name = Products;
			sourceTree = "<group>";
		};
		67B3FC481A845BA800260A5A /* iPong-TWO */ = {
			isa = PBXGroup;
			children = (
				67B3FC4B1A845BA800260A5A /* AppDelegate.swift */,
				67B3FC4D1A845BA800260A5A /* GameScene.sks */,
				67B3FC4F1A845BA800260A5A /* GameScene.swift */,
				67B3FC511A845BA800260A5A /* GameViewController.swift */,
				67B3FC531A845BA800260A5A /* Main.storyboard */,
				67B3FC561A845BA800260A5A /* Images.xcassets */,
				67B3FC581A845BA800260A5A /* LaunchScreen.xib */,
				67B3FC491A845BA800260A5A /* Supporting Files */,
			);
			path = "iPong-TWO";
			sourceTree = "<group>";
		};
		67B3FC491A845BA800260A5A /* Supporting Files */ = {
			isa = PBXGroup;
			children = (
				67B3FC4A1A845BA800260A5A /* Info.plist */,
			);
			name = "Supporting Files";
			sourceTree = "<group>";
		};
		67B3FC621A845BA800260A5A /* iPong-TWOTests */ = {
			isa = PBXGroup;
			children = (
				67B3FC651A845BA800260A5A /* iPong_TWOTests.swift */,
				67B3FC631A845BA800260A5A /* Supporting Files */,
			);
			path = "iPong-TWOTests";
			sourceTree = "<group>";
		};
		67B3FC631A845BA800260A5A /* Supporting Files */ = {
			isa = PBXGroup;
			children = (
				67B3FC641A845BA800260A5A /* Info.plist */,
			);
			name = "Supporting Files";
			sourceTree = "<group>";
		};
/* End PBXGroup section */

/* Begin PBXNativeTarget section */
		67B3FC451A845BA800260A5A /* iPong-TWO */ = {
			isa = PBXNativeTarget;
			buildConfigurationList = 67B3FC691A845BA800260A5A /* Build configuration list for PBXNativeTarget "iPong-TWO" */;
			buildPhases = (
				67B3FC421A845BA800260A5A /* Sources */,
				67B3FC431A845BA800260A5A /* Frameworks */,
				67B3FC441A845BA800260A5A /* Resources */,
			);
			buildRules = (
			);
			dependencies = (
			);
			name = "iPong-TWO";
			productName = "iPong-TWO";
			productReference = 67B3FC461A845BA800260A5A /* iPong-TWO.app */;
			productType = "com.apple.product-type.application";
		};
		67B3FC5E1A845BA800260A5A /* iPong-TWOTests */ = {
			isa = PBXNativeTarget;
			buildConfigurationList = 67B3FC6C1A845BA800260A5A /* Build configuration list for PBXNativeTarget "iPong-TWOTests" */;
			buildPhases = (
				67B3FC5B1A845BA800260A5A /* Sources */,
				67B3FC5C1A845BA800260A5A /* Frameworks */,
				67B3FC5D1A845BA800260A5A /* Resources */,
			);
			buildRules = (
			);
			dependencies = (
				67B3FC611A845BA800260A5A /* PBXTargetDependency */,
			);
			name = "iPong-TWOTests";
			productName = "iPong-TWOTests";
			productReference = 67B3FC5F1A845BA800260A5A /* iPong-TWOTests.xctest */;
			productType = "com.apple.product-type.bundle.unit-test";
		};
/* End PBXNativeTarget section */

/* Begin PBXProject section */
		67B3FC3E1A845BA800260A5A /* Project object */ = {
			isa = PBXProject;
			attributes = {
				LastUpgradeCheck = 0610;
				ORGANIZATIONNAME = "Doyle Widget Factory";
				TargetAttributes = {
					67B3FC451A845BA800260A5A = {
						CreatedOnToolsVersion = 6.1.1;
					};
					67B3FC5E1A845BA800260A5A = {
						CreatedOnToolsVersion = 6.1.1;
						TestTargetID = 67B3FC451A845BA800260A5A;
					};
				};
			};
			buildConfigurationList = 67B3FC411A845BA800260A5A /* Build configuration list for PBXProject "iPong-TWO" */;
			compatibilityVersion = "Xcode 3.2";
			developmentRegion = English;
			hasScannedForEncodings = 0;
			knownRegions = (
				en,
				Base,
			);
			mainGroup = 67B3FC3D1A845BA800260A5A;
			productRefGroup = 67B3FC471A845BA800260A5A /* Products */;
			projectDirPath = "";
			projectRoot = "";
			targets = (
				67B3FC451A845BA800260A5A /* iPong-TWO */,
				67B3FC5E1A845BA800260A5A /* iPong-TWOTests */,
			);
		};
/* End PBXProject section */

/* Begin PBXResourcesBuildPhase section */
		67B3FC441A845BA800260A5A /* Resources */ = {
			isa = PBXResourcesBuildPhase;
			buildActionMask = 2147483647;
			files = (
				67B3FC5A1A845BA800260A5A /* LaunchScreen.xib in Resources */,
				67B3FC571A845BA800260A5A /* Images.xcassets in Resources */,
				67B3FC4E1A845BA800260A5A /* GameScene.sks in Resources */,
				67B3FC551A845BA800260A5A /* Main.storyboard in Resources */,
			);
			runOnlyForDeploymentPostprocessing = 0;
		};
		67B3FC5D1A845BA800260A5A /* Resources */ = {
			isa = PBXResourcesBuildPhase;
			buildActionMask = 2147483647;
			files = (
			);
			runOnlyForDeploymentPostprocessing = 0;
		};
/* End PBXResourcesBuildPhase section */

/* Begin PBXSourcesBuildPhase section */
		67B3FC421A845BA800260A5A /* Sources */ = {
			isa = PBXSourcesBuildPhase;
			buildActionMask = 2147483647;
			files = (
				67B3FC501A845BA800260A5A /* GameScene.swift in Sources */,
				67B3FC521A845BA800260A5A /* GameViewController.swift in Sources */,
				67B3FC4C1A845BA800260A5A /* AppDelegate.swift in Sources */,
			);
			runOnlyForDeploymentPostprocessing = 0;
		};
		67B3FC5B1A845BA800260A5A /* Sources */ = {
			isa = PBXSourcesBuildPhase;
			buildActionMask = 2147483647;
			files = (
				67B3FC661A845BA800260A5A /* iPong_TWOTests.swift in Sources */,
			);
			runOnlyForDeploymentPostprocessing = 0;
		};
/* End PBXSourcesBuildPhase section */

/* Begin PBXTargetDependency section */
		67B3FC611A845BA800260A5A /* PBXTargetDependency */ = {
			isa = PBXTargetDependency;
			target = 67B3FC451A845BA800260A5A /* iPong-TWO */;
			targetProxy = 67B3FC601A845BA800260A5A /* PBXContainerItemProxy */;
		};
/* End PBXTargetDependency section */

/* Begin PBXVariantGroup section */
		67B3FC531A845BA800260A5A /* Main.storyboard */ = {
			isa = PBXVariantGroup;
			children = (
				67B3FC541A845BA800260A5A /* Base */,
			);
			name = Main.storyboard;
			sourceTree = "<group>";
		};
		67B3FC581A845BA800260A5A /* LaunchScreen.xib */ = {
			isa = PBXVariantGroup;
			children = (
				67B3FC591A845BA800260A5A /* Base */,
			);
			name = LaunchScreen.xib;
			sourceTree = "<group>";
		};
/* End PBXVariantGroup section */

/* Begin XCBuildConfiguration section */
		67B3FC671A845BA800260A5A /* Debug */ = {
			isa = XCBuildConfiguration;
			buildSettings = {
				ALWAYS_SEARCH_USER_PATHS = NO;
				CLANG_CXX_LANGUAGE_STANDARD = "gnu++0x";
				CLANG_CXX_LIBRARY = "libc++";
				CLANG_ENABLE_MODULES = YES;
				CLANG_ENABLE_OBJC_ARC = YES;
				CLANG_WARN_BOOL_CONVERSION = YES;
				CLANG_WARN_CONSTANT_CONVERSION = YES;
				CLANG_WARN_DIRECT_OBJC_ISA_USAGE = YES_ERROR;
				CLANG_WARN_EMPTY_BODY = YES;
				CLANG_WARN_ENUM_CONVERSION = YES;
				CLANG_WARN_INT_CONVERSION = YES;
				CLANG_WARN_OBJC_ROOT_CLASS = YES_ERROR;
				CLANG_WARN_UNREACHABLE_CODE = YES;
				CLANG_WARN__DUPLICATE_METHOD_MATCH = YES;
				"CODE_SIGN_IDENTITY[sdk=iphoneos*]" = "iPhone Developer";
				COPY_PHASE_STRIP = NO;
				ENABLE_STRICT_OBJC_MSGSEND = YES;
				GCC_C_LANGUAGE_STANDARD = gnu99;
				GCC_DYNAMIC_NO_PIC = NO;
				GCC_OPTIMIZATION_LEVEL = 0;
				GCC_PREPROCESSOR_DEFINITIONS = (
					"DEBUG=1",
					"$(inherited)",
				);
				GCC_SYMBOLS_PRIVATE_EXTERN = NO;
				GCC_WARN_64_TO_32_BIT_CONVERSION = YES;
				GCC_WARN_ABOUT_RETURN_TYPE = YES_ERROR;
				GCC_WARN_UNDECLARED_SELECTOR = YES;
				GCC_WARN_UNINITIALIZED_AUTOS = YES_AGGRESSIVE;
				GCC_WARN_UNUSED_FUNCTION = YES;
				GCC_WARN_UNUSED_VARIABLE = YES;
				IPHONEOS_DEPLOYMENT_TARGET = 8.1;
				MTL_ENABLE_DEBUG_INFO = YES;
				ONLY_ACTIVE_ARCH = YES;
				SDKROOT = iphoneos;
				SWIFT_OPTIMIZATION_LEVEL = "-Onone";
				TARGETED_DEVICE_FAMILY = 2;
			};
			name = Debug;
		};
		67B3FC681A845BA800260A5A /* Release */ = {
			isa = XCBuildConfiguration;
			buildSettings = {
				ALWAYS_SEARCH_USER_PATHS = NO;
				CLANG_CXX_LANGUAGE_STANDARD = "gnu++0x";
				CLANG_CXX_LIBRARY = "libc++";
				CLANG_ENABLE_MODULES = YES;
				CLANG_ENABLE_OBJC_ARC = YES;
				CLANG_WARN_BOOL_CONVERSION = YES;
				CLANG_WARN_CONSTANT_CONVERSION = YES;
				CLANG_WARN_DIRECT_OBJC_ISA_USAGE = YES_ERROR;
				CLANG_WARN_EMPTY_BODY = YES;
				CLANG_WARN_ENUM_CONVERSION = YES;
				CLANG_WARN_INT_CONVERSION = YES;
				CLANG_WARN_OBJC_ROOT_CLASS = YES_ERROR;
				CLANG_WARN_UNREACHABLE_CODE = YES;
				CLANG_WARN__DUPLICATE_METHOD_MATCH = YES;
				"CODE_SIGN_IDENTITY[sdk=iphoneos*]" = "iPhone Developer";
				COPY_PHASE_STRIP = YES;
				ENABLE_NS_ASSERTIONS = NO;
				ENABLE_STRICT_OBJC_MSGSEND = YES;
				GCC_C_LANGUAGE_STANDARD = gnu99;
				GCC_WARN_64_TO_32_BIT_CONVERSION = YES;
				GCC_WARN_ABOUT_RETURN_TYPE = YES_ERROR;
				GCC_WARN_UNDECLARED_SELECTOR = YES;
				GCC_WARN_UNINITIALIZED_AUTOS = YES_AGGRESSIVE;
				GCC_WARN_UNUSED_FUNCTION = YES;
				GCC_WARN_UNUSED_VARIABLE = YES;
				IPHONEOS_DEPLOYMENT_TARGET = 8.1;
				MTL_ENABLE_DEBUG_INFO = NO;
				SDKROOT = iphoneos;
				TARGETED_DEVICE_FAMILY = 2;
				VALIDATE_PRODUCT = YES;
			};
			name = Release;
		};
		67B3FC6A1A845BA800260A5A /* Debug */ = {
			isa = XCBuildConfiguration;
			buildSettings = {
				ASSETCATALOG_COMPILER_APPICON_NAME = AppIcon;
				INFOPLIST_FILE = "iPong-TWO/Info.plist";
				LD_RUNPATH_SEARCH_PATHS = "$(inherited) @executable_path/Frameworks";
				PRODUCT_NAME = "$(TARGET_NAME)";
			};
			name = Debug;
		};
		67B3FC6B1A845BA800260A5A /* Release */ = {
			isa = XCBuildConfiguration;
			buildSettings = {
				ASSETCATALOG_COMPILER_APPICON_NAME = AppIcon;
				INFOPLIST_FILE = "iPong-TWO/Info.plist";
				LD_RUNPATH_SEARCH_PATHS = "$(inherited) @executable_path/Frameworks";
				PRODUCT_NAME = "$(TARGET_NAME)";
			};
			name = Release;
		};
		67B3FC6D1A845BA800260A5A /* Debug */ = {
			isa = XCBuildConfiguration;
			buildSettings = {
				BUNDLE_LOADER = "$(TEST_HOST)";
				FRAMEWORK_SEARCH_PATHS = (
					"$(SDKROOT)/Developer/Library/Frameworks",
					"$(inherited)",
				);
				GCC_PREPROCESSOR_DEFINITIONS = (
					"DEBUG=1",
					"$(inherited)",
				);
				INFOPLIST_FILE = "iPong-TWOTests/Info.plist";
				LD_RUNPATH_SEARCH_PATHS = "$(inherited) @executable_path/Frameworks @loader_path/Frameworks";
				PRODUCT_NAME = "$(TARGET_NAME)";
				TEST_HOST = "$(BUILT_PRODUCTS_DIR)/iPong-TWO.app/iPong-TWO";
			};
			name = Debug;
		};
		67B3FC6E1A845BA800260A5A /* Release */ = {
			isa = XCBuildConfiguration;
			buildSettings = {
				BUNDLE_LOADER = "$(TEST_HOST)";
				FRAMEWORK_SEARCH_PATHS = (
					"$(SDKROOT)/Developer/Library/Frameworks",
					"$(inherited)",
				);
				INFOPLIST_FILE = "iPong-TWOTests/Info.plist";
				LD_RUNPATH_SEARCH_PATHS = "$(inherited) @executable_path/Frameworks @loader_path/Frameworks";
				PRODUCT_NAME = "$(TARGET_NAME)";
				TEST_HOST = "$(BUILT_PRODUCTS_DIR)/iPong-TWO.app/iPong-TWO";
			};
			name = Release;
		};
/* End XCBuildConfiguration section */

/* Begin XCConfigurationList section */
		67B3FC411A845BA800260A5A /* Build configuration list for PBXProject "iPong-TWO" */ = {
			isa = XCConfigurationList;
			buildConfigurations = (
				67B3FC671A845BA800260A5A /* Debug */,
				67B3FC681A845BA800260A5A /* Release */,
			);
			defaultConfigurationIsVisible = 0;
			defaultConfigurationName = Release;
		};
		67B3FC691A845BA800260A5A /* Build configuration list for PBXNativeTarget "iPong-TWO" */ = {
			isa = XCConfigurationList;
			buildConfigurations = (
				67B3FC6A1A845BA800260A5A /* Debug */,
				67B3FC6B1A845BA800260A5A /* Release */,
			);
			defaultConfigurationIsVisible = 0;
			defaultConfigurationName = Release;
		};
		67B3FC6C1A845BA800260A5A /* Build configuration list for PBXNativeTarget "iPong-TWOTests" */ = {
			isa = XCConfigurationList;
			buildConfigurations = (
				67B3FC6D1A845BA800260A5A /* Debug */,
				67B3FC6E1A845BA800260A5A /* Release */,
			);
			defaultConfigurationIsVisible = 0;
			defaultConfigurationName = Release;
		};
/* End XCConfigurationList section */
	};
	rootObject = 67B3FC3E1A845BA800260A5A /* Project object */;
}
